{
  "name": "refuse-train",
  "version": "1.0.0",
  "lockfileVersion": 1,
  "requires": true,
  "dependencies": {
    "@ant-design/colors": {
      "version": "6.0.0",
      "resolved": "https://registry.npm.taobao.org/@ant-design/colors/download/@ant-design/colors-6.0.0.tgz?cache=0&sync_timestamp=1612935497491&other_urls=https%3A%2F%2Fregistry.npm.taobao.org%2F%40ant-design%2Fcolors%2Fdownload%2F%40ant-design%2Fcolors-6.0.0.tgz",
      "integrity": "sha1-m5NmJXz/zEfbQrnQIDu1ksE8Apg=",
      "requires": {
        "@ctrl/tinycolor": "^3.4.0"
      }
    },
    "@ant-design/icons": {
      "version": "4.6.2",
      "resolved": "https://registry.npm.taobao.org/@ant-design/icons/download/@ant-design/icons-4.6.2.tgz",
      "integrity": "sha1-KQ8ujN5QWrCB/aY+UR6C08SL6YI=",
      "requires": {
        "@ant-design/colors": "^6.0.0",
        "@ant-design/icons-svg": "^4.0.0",
        "@babel/runtime": "^7.11.2",
        "classnames": "^2.2.6",
        "rc-util": "^5.9.4"
      }
    },
    "@ant-design/icons-svg": {
      "version": "4.1.0",
      "resolved": "https://registry.npm.taobao.org/@ant-design/icons-svg/download/@ant-design/icons-svg-4.1.0.tgz",
      "integrity": "sha1-SAsCX0sg73/o9H1KSEbk/uhOoGw="
    },
    "@ant-design/react-slick": {
      "version": "0.28.3",
      "resolved": "https://registry.npm.taobao.org/@ant-design/react-slick/download/@ant-design/react-slick-0.28.3.tgz?cache=0&sync_timestamp=1617867868369&other_urls=https%3A%2F%2Fregistry.npm.taobao.org%2F%40ant-design%2Freact-slick%2Fdownload%2F%40ant-design%2Freact-slick-0.28.3.tgz",
      "integrity": "sha1-rVzxz1A2PBo4QodNadDOHyZpbnE=",
      "requires": {
        "@babel/runtime": "^7.10.4",
        "classnames": "^2.2.5",
        "json2mq": "^0.2.0",
        "lodash": "^4.17.21",
        "resize-observer-polyfill": "^1.5.0"
      }
    },
    "@babel/runtime": {
      "version": "7.13.10",
      "resolved": "https://registry.npm.taobao.org/@babel/runtime/download/@babel/runtime-7.13.10.tgz?cache=0&sync_timestamp=1615243220467&other_urls=https%3A%2F%2Fregistry.npm.taobao.org%2F%40babel%2Fruntime%2Fdownload%2F%40babel%2Fruntime-7.13.10.tgz",
      "integrity": "sha1-R9QqV7YJX0Ro2kQDiP262L6/DX0=",
      "requires": {
        "regenerator-runtime": "^0.13.4"
      }
    },
    "@ctrl/tinycolor": {
      "version": "3.4.0",
      "resolved": "https://registry.npm.taobao.org/@ctrl/tinycolor/download/@ctrl/tinycolor-3.4.0.tgz",
      "integrity": "sha1-w8WuVDyJfKqcKmhjC+01W+X5mQ8="
    },
    "@tensorflow/tfjs": {
      "version": "2.8.6",
      "resolved": "https://registry.npm.taobao.org/@tensorflow/tfjs/download/@tensorflow/tfjs-2.8.6.tgz",
      "integrity": "sha1-URUIHnQkwzkFr5VlwNGQ4bQJOls=",
      "requires": {
        "@tensorflow/tfjs-backend-cpu": "2.8.6",
        "@tensorflow/tfjs-backend-webgl": "2.8.6",
        "@tensorflow/tfjs-converter": "2.8.6",
        "@tensorflow/tfjs-core": "2.8.6",
        "@tensorflow/tfjs-data": "2.8.6",
        "@tensorflow/tfjs-layers": "2.8.6",
        "argparse": "^1.0.10",
        "chalk": "^4.1.0",
        "core-js": "3",
        "regenerator-runtime": "^0.13.5",
        "yargs": "^16.0.3"
      }
    },
    "@tensorflow/tfjs-backend-cpu": {
      "version": "2.8.6",
      "resolved": "https://registry.npm.taobao.org/@tensorflow/tfjs-backend-cpu/download/@tensorflow/tfjs-backend-cpu-2.8.6.tgz",
      "integrity": "sha1-72DDKUoEyMYAq7S0OCY8Btm3t70=",
      "requires": {
        "@types/seedrandom": "2.4.27",
        "seedrandom": "2.4.3"
      }
    },
    "@tensorflow/tfjs-backend-webgl": {
      "version": "2.8.6",
      "resolved": "https://registry.npm.taobao.org/@tensorflow/tfjs-backend-webgl/download/@tensorflow/tfjs-backend-webgl-2.8.6.tgz",
      "integrity": "sha1-uItCdqL/TiOwVHDFBrXHIL9uuMM=",
      "requires": {
        "@tensorflow/tfjs-backend-cpu": "2.8.6",
        "@types/offscreencanvas": "~2019.3.0",
        "@types/seedrandom": "2.4.27",
        "@types/webgl-ext": "0.0.30",
        "@types/webgl2": "0.0.5",
        "seedrandom": "2.4.3"
      }
    },
    "@tensorflow/tfjs-converter": {
      "version": "2.8.6",
      "resolved": "https://registry.npm.taobao.org/@tensorflow/tfjs-converter/download/@tensorflow/tfjs-converter-2.8.6.tgz",
      "integrity": "sha1-YYLTAq6IPgxF9HZ0p4vdM+I9s6Y="
    },
    "@tensorflow/tfjs-core": {
      "version": "2.8.6",
      "resolved": "https://registry.npm.taobao.org/@tensorflow/tfjs-core/download/@tensorflow/tfjs-core-2.8.6.tgz",
      "integrity": "sha1-1enV/B0ag+P7+AlC8xVDAKn4JJQ=",
      "requires": {
        "@types/offscreencanvas": "~2019.3.0",
        "@types/seedrandom": "2.4.27",
        "@types/webgl-ext": "0.0.30",
        "node-fetch": "~2.6.1",
        "seedrandom": "2.4.3"
      }
    },
    "@tensorflow/tfjs-data": {
      "version": "2.8.6",
      "resolved": "https://registry.npm.taobao.org/@tensorflow/tfjs-data/download/@tensorflow/tfjs-data-2.8.6.tgz",
      "integrity": "sha1-WIitD3t/jbK3pc9K8448BNZe/jI=",
      "requires": {
        "@types/node-fetch": "^2.1.2",
        "node-fetch": "~2.6.1"
      }
    },
    "@tensorflow/tfjs-layers": {
      "version": "2.8.6",
      "resolved": "https://registry.npm.taobao.org/@tensorflow/tfjs-layers/download/@tensorflow/tfjs-layers-2.8.6.tgz",
      "integrity": "sha1-Ud7FQi/d3iieeRXzGGdv7e62oiY="
    },
    "@types/node": {
      "version": "14.14.41",
      "resolved": "https://registry.npm.taobao.org/@types/node/download/@types/node-14.14.41.tgz?cache=0&sync_timestamp=1618543947232&other_urls=https%3A%2F%2Fregistry.npm.taobao.org%2F%40types%2Fnode%2Fdownload%2F%40types%2Fnode-14.14.41.tgz",
      "integrity": "sha1-0Lk52Uwde9U9BIJK9F8RObjEVhU="
    },
    "@types/node-fetch": {
      "version": "2.5.10",
      "resolved": "https://registry.npm.taobao.org/@types/node-fetch/download/@types/node-fetch-2.5.10.tgz?cache=0&sync_timestamp=1617838432665&other_urls=https%3A%2F%2Fregistry.npm.taobao.org%2F%40types%2Fnode-fetch%2Fdownload%2F%40types%2Fnode-fetch-2.5.10.tgz",
      "integrity": "sha1-m01KBCVWL5/OpwsSyz/N2UbKgTI=",
      "requires": {
        "@types/node": "*",
        "form-data": "^3.0.0"
      }
    },
    "@types/offscreencanvas": {
      "version": "2019.3.0",
      "resolved": "https://registry.npm.taobao.org/@types/offscreencanvas/download/@types/offscreencanvas-2019.3.0.tgz",
      "integrity": "sha1-MzZCjsfpGAz0Vm3+pdoE61hqZVM="
    },
    "@types/seedrandom": {
      "version": "2.4.27",
      "resolved": "https://registry.npm.taobao.org/@types/seedrandom/download/@types/seedrandom-2.4.27.tgz",
      "integrity": "sha1-nbVjk33YaRX2kJK8QyWdL0hXjkE="
    },
    "@types/webgl-ext": {
      "version": "0.0.30",
      "resolved": "https://registry.npm.taobao.org/@types/webgl-ext/download/@types/webgl-ext-0.0.30.tgz",
      "integrity": "sha1-DOSYwWpBoj0VKJ4LhE2UWyXw+50="
    },
    "@types/webgl2": {
      "version": "0.0.5",
      "resolved": "https://registry.npm.taobao.org/@types/webgl2/download/@types/webgl2-0.0.5.tgz",
      "integrity": "sha1-3ZJeIKuKzoDrSx5G/aWxCcUI+w0="
    },
    "ansi-regex": {
      "version": "5.0.0",
      "resolved": "https://registry.npm.taobao.org/ansi-regex/download/ansi-regex-5.0.0.tgz",
      "integrity": "sha1-OIU59VF5vzkznIGvMKZU1p+Hy3U="
    },
    "ansi-styles": {
      "version": "4.3.0",
      "resolved": "https://registry.npm.taobao.org/ansi-styles/download/ansi-styles-4.3.0.tgz",
      "integrity": "sha1-7dgDYornHATIWuegkG7a00tkiTc=",
      "requires": {
        "color-convert": "^2.0.1"
      }
    },
    "antd": {
      "version": "4.15.2",
      "resolved": "https://registry.nlark.com/antd/download/antd-4.15.2.tgz",
      "integrity": "sha1-+VW8vdH1d8esk6AK0X0XGdG5CBg=",
      "requires": {
        "@ant-design/colors": "^6.0.0",
        "@ant-design/icons": "^4.6.2",
        "@ant-design/react-slick": "~0.28.1",
        "@babel/runtime": "^7.12.5",
        "array-tree-filter": "^2.1.0",
        "classnames": "^2.2.6",
        "copy-to-clipboard": "^3.2.0",
        "lodash": "^4.17.21",
        "moment": "^2.25.3",
        "rc-cascader": "~1.4.0",
        "rc-checkbox": "~2.3.0",
        "rc-collapse": "~3.1.0",
        "rc-dialog": "~8.5.1",
        "rc-drawer": "~4.3.0",
        "rc-dropdown": "~3.2.0",
        "rc-field-form": "~1.20.0",
        "rc-image": "~5.2.4",
        "rc-input-number": "~7.0.1",
        "rc-mentions": "~1.5.0",
        "rc-menu": "~8.10.0",
        "rc-motion": "^2.4.0",
        "rc-notification": "~4.5.2",
        "rc-pagination": "~3.1.6",
        "rc-picker": "~2.5.10",
        "rc-progress": "~3.1.0",
        "rc-rate": "~2.9.0",
        "rc-resize-observer": "^1.0.0",
        "rc-select": "~12.1.6",
        "rc-slider": "~9.7.1",
        "rc-steps": "~4.1.0",
        "rc-switch": "~3.2.0",
        "rc-table": "~7.13.0",
        "rc-tabs": "~11.7.0",
        "rc-textarea": "~0.3.0",
        "rc-tooltip": "~5.1.0",
        "rc-tree": "~4.1.0",
        "rc-tree-select": "~4.3.0",
        "rc-trigger": "^5.2.1",
        "rc-upload": "~4.2.0-alpha.0",
        "rc-util": "^5.9.4",
        "scroll-into-view-if-needed": "^2.2.25",
        "warning": "^4.0.3"
      }
    },
    "argparse": {
      "version": "1.0.10",
      "resolved": "https://registry.npm.taobao.org/argparse/download/argparse-1.0.10.tgz",
      "integrity": "sha1-vNZ5HqWuCXJeF+WtmIE0zUCz2RE=",
      "requires": {
        "sprintf-js": "~1.0.2"
      }
    },
    "array-tree-filter": {
      "version": "2.1.0",
      "resolved": "https://registry.npm.taobao.org/array-tree-filter/download/array-tree-filter-2.1.0.tgz",
      "integrity": "sha1-hzrAD+yDdJ8lWsjdCDgUtPYykZA="
    },
    "async-validator": {
      "version": "3.5.1",
      "resolved": "https://registry.npm.taobao.org/async-validator/download/async-validator-3.5.1.tgz?cache=0&sync_timestamp=1605749896979&other_urls=https%3A%2F%2Fregistry.npm.taobao.org%2Fasync-validator%2Fdownload%2Fasync-validator-3.5.1.tgz",
      "integrity": "sha1-zWK5aIskZfSEIOJ620d2CrG1VZ8="
    },
    "asynckit": {
      "version": "0.4.0",
      "resolved": "https://registry.npm.taobao.org/asynckit/download/asynckit-0.4.0.tgz",
      "integrity": "sha1-x57Zf380y48robyXkLzDZkdLS3k="
    },
    "chalk": {
      "version": "4.1.0",
      "resolved": "https://registry.npm.taobao.org/chalk/download/chalk-4.1.0.tgz",
      "integrity": "sha1-ThSHCmGNni7dl92DRf2dncMVZGo=",
      "requires": {
        "ansi-styles": "^4.1.0",
        "supports-color": "^7.1.0"
      }
    },
    "classnames": {
      "version": "2.3.1",
      "resolved": "https://registry.npm.taobao.org/classnames/download/classnames-2.3.1.tgz?cache=0&sync_timestamp=1617401788995&other_urls=https%3A%2F%2Fregistry.npm.taobao.org%2Fclassnames%2Fdownload%2Fclassnames-2.3.1.tgz",
      "integrity": "sha1-38+jiR4wbsHa0QXQ6I9EF7hTXo4="
    },
    "cliui": {
      "version": "7.0.4",
      "resolved": "https://registry.npm.taobao.org/cliui/download/cliui-7.0.4.tgz?cache=0&sync_timestamp=1604880033053&other_urls=https%3A%2F%2Fregistry.npm.taobao.org%2Fcliui%2Fdownload%2Fcliui-7.0.4.tgz",
      "integrity": "sha1-oCZe5lVHb8gHrqnfPfjfd4OAi08=",
      "requires": {
        "string-width": "^4.2.0",
        "strip-ansi": "^6.0.0",
        "wrap-ansi": "^7.0.0"
      }
    },
    "color-convert": {
      "version": "2.0.1",
      "resolved": "https://registry.npm.taobao.org/color-convert/download/color-convert-2.0.1.tgz",
      "integrity": "sha1-ctOmjVmMm9s68q0ehPIdiWq9TeM=",
      "requires": {
        "color-name": "~1.1.4"
      }
    },
    "color-name": {
      "version": "1.1.4",
      "resolved": "https://registry.npm.taobao.org/color-name/download/color-name-1.1.4.tgz",
      "integrity": "sha1-wqCah6y95pVD3m9j+jmVyCbFNqI="
    },
    "combined-stream": {
      "version": "1.0.8",
      "resolved": "https://registry.npm.taobao.org/combined-stream/download/combined-stream-1.0.8.tgz",
      "integrity": "sha1-w9RaizT9cwYxoRCoolIGgrMdWn8=",
      "requires": {
        "delayed-stream": "~1.0.0"
      }
    },
    "compute-scroll-into-view": {
      "version": "1.0.17",
      "resolved": "https://registry.npm.taobao.org/compute-scroll-into-view/download/compute-scroll-into-view-1.0.17.tgz?cache=0&sync_timestamp=1614042489339&other_urls=https%3A%2F%2Fregistry.npm.taobao.org%2Fcompute-scroll-into-view%2Fdownload%2Fcompute-scroll-into-view-1.0.17.tgz",
      "integrity": "sha1-aojxis2dQunPS6pr7H4FImB6t6s="
    },
    "copy-to-clipboard": {
      "version": "3.3.1",
      "resolved": "https://registry.npm.taobao.org/copy-to-clipboard/download/copy-to-clipboard-3.3.1.tgz",
      "integrity": "sha1-EVqhqZmP+rYZb5MHatbaO5E2Yq4=",
      "requires": {
        "toggle-selection": "^1.0.6"
      }
    },
    "core-js": {
      "version": "3.10.1",
      "resolved": "https://registry.npm.taobao.org/core-js/download/core-js-3.10.1.tgz",
      "integrity": "sha1-5oOWOXi2gG3MbApKi9SrC9rz8ho="
    },
    "date-fns": {
      "version": "2.21.1",
      "resolved": "https://registry.npm.taobao.org/date-fns/download/date-fns-2.21.1.tgz?cache=0&sync_timestamp=1618472696235&other_urls=https%3A%2F%2Fregistry.npm.taobao.org%2Fdate-fns%2Fdownload%2Fdate-fns-2.21.1.tgz",
      "integrity": "sha1-Z5pMyqWEwHBupws/qSJirDAJ0rA="
    },
    "delayed-stream": {
      "version": "1.0.0",
      "resolved": "https://registry.npm.taobao.org/delayed-stream/download/delayed-stream-1.0.0.tgz",
      "integrity": "sha1-3zrhmayt+31ECqrgsp4icrJOxhk="
    },
    "dom-align": {
      "version": "1.12.0",
      "resolved": "https://registry.npm.taobao.org/dom-align/download/dom-align-1.12.0.tgz?cache=0&sync_timestamp=1589854754211&other_urls=https%3A%2F%2Fregistry.npm.taobao.org%2Fdom-align%2Fdownload%2Fdom-align-1.12.0.tgz",
      "integrity": "sha1-VvtxVt8LkQmYMDZNLUj4iWP1opw="
    },
    "emoji-regex": {
      "version": "8.0.0",
      "resolved": "https://registry.npm.taobao.org/emoji-regex/download/emoji-regex-8.0.0.tgz?cache=0&sync_timestamp=1614682725186&other_urls=https%3A%2F%2Fregistry.npm.taobao.org%2Femoji-regex%2Fdownload%2Femoji-regex-8.0.0.tgz",
      "integrity": "sha1-6Bj9ac5cz8tARZT4QpY79TFkzDc="
    },
    "escalade": {
      "version": "3.1.1",
      "resolved": "https://registry.npm.taobao.org/escalade/download/escalade-3.1.1.tgz?cache=0&sync_timestamp=1602567259580&other_urls=https%3A%2F%2Fregistry.npm.taobao.org%2Fescalade%2Fdownload%2Fescalade-3.1.1.tgz",
      "integrity": "sha1-2M/ccACWXFoBdLSoLqpcBVJ0LkA="
    },
    "form-data": {
      "version": "3.0.1",
      "resolved": "https://registry.npm.taobao.org/form-data/download/form-data-3.0.1.tgz",
      "integrity": "sha1-69U3kbeDVqma+aMA1CgsTV65dV8=",
      "requires": {
        "asynckit": "^0.4.0",
        "combined-stream": "^1.0.8",
        "mime-types": "^2.1.12"
      }
    },
    "get-caller-file": {
      "version": "2.0.5",
      "resolved": "https://registry.npm.taobao.org/get-caller-file/download/get-caller-file-2.0.5.tgz",
      "integrity": "sha1-T5RBKoLbMvNuOwuXQfipf+sDH34="
    },
    "has-flag": {
      "version": "4.0.0",
      "resolved": "https://registry.npm.taobao.org/has-flag/download/has-flag-4.0.0.tgz",
      "integrity": "sha1-lEdx/ZyByBJlxNaUGGDaBrtZR5s="
    },
    "hoist-non-react-statics": {
      "version": "3.3.2",
      "resolved": "https://registry.npm.taobao.org/hoist-non-react-statics/download/hoist-non-react-statics-3.3.2.tgz?cache=0&sync_timestamp=1609924949968&other_urls=https%3A%2F%2Fregistry.npm.taobao.org%2Fhoist-non-react-statics%2Fdownload%2Fhoist-non-react-statics-3.3.2.tgz",
      "integrity": "sha1-7OCsr3HWLClpwuxZ/v9CpLGoW0U=",
      "requires": {
        "react-is": "^16.7.0"
      }
    },
    "is-fullwidth-code-point": {
      "version": "3.0.0",
      "resolved": "https://registry.npm.taobao.org/is-fullwidth-code-point/download/is-fullwidth-code-point-3.0.0.tgz?cache=0&sync_timestamp=1618552489864&other_urls=https%3A%2F%2Fregistry.npm.taobao.org%2Fis-fullwidth-code-point%2Fdownload%2Fis-fullwidth-code-point-3.0.0.tgz",
      "integrity": "sha1-8Rb4Bk/pCz94RKOJl8C3UFEmnx0="
    },
    "js-tokens": {
      "version": "4.0.0",
      "resolved": "https://registry.npm.taobao.org/js-tokens/download/js-tokens-4.0.0.tgz",
      "integrity": "sha1-GSA/tZmR35jjoocFDUZHzerzJJk="
    },
    "json2mq": {
      "version": "0.2.0",
      "resolved": "https://registry.npm.taobao.org/json2mq/download/json2mq-0.2.0.tgz",
      "integrity": "sha1-tje9O6nqvhIsg+lyBIOusQ0skEo=",
      "requires": {
        "string-convert": "^0.2.0"
      }
    },
    "lodash": {
      "version": "4.17.21",
      "resolved": "https://registry.npm.taobao.org/lodash/download/lodash-4.17.21.tgz?cache=0&sync_timestamp=1613835838133&other_urls=https%3A%2F%2Fregistry.npm.taobao.org%2Flodash%2Fdownload%2Flodash-4.17.21.tgz",
      "integrity": "sha1-Z5WRxWTDv/quhFTPCz3zcMPWkRw="
    },
    "loose-envify": {
      "version": "1.4.0",
      "resolved": "https://registry.npm.taobao.org/loose-envify/download/loose-envify-1.4.0.tgz",
      "integrity": "sha1-ce5R+nvkyuwaY4OffmgtgTLTDK8=",
      "requires": {
        "js-tokens": "^3.0.0 || ^4.0.0"
      }
    },
    "mime-db": {
      "version": "1.47.0",
      "resolved": "https://registry.npm.taobao.org/mime-db/download/mime-db-1.47.0.tgz?cache=0&sync_timestamp=1617306118828&other_urls=https%3A%2F%2Fregistry.npm.taobao.org%2Fmime-db%2Fdownload%2Fmime-db-1.47.0.tgz",
      "integrity": "sha1-jLMT5Zll08Bc+/iYkVomevRqM1w="
    },
    "mime-types": {
      "version": "2.1.30",
      "resolved": "https://registry.npm.taobao.org/mime-types/download/mime-types-2.1.30.tgz?cache=0&sync_timestamp=1617340124913&other_urls=https%3A%2F%2Fregistry.npm.taobao.org%2Fmime-types%2Fdownload%2Fmime-types-2.1.30.tgz",
      "integrity": "sha1-bnvotMR5gl+F7WMmaV23P5MF1i0=",
      "requires": {
        "mime-db": "1.47.0"
      }
    },
    "mini-store": {
      "version": "3.0.6",
      "resolved": "https://registry.npm.taobao.org/mini-store/download/mini-store-3.0.6.tgz?cache=0&sync_timestamp=1596178789643&other_urls=https%3A%2F%2Fregistry.npm.taobao.org%2Fmini-store%2Fdownload%2Fmini-store-3.0.6.tgz",
      "integrity": "sha1-RLhr5bKHcnEiTOBomzo1ot/7HKk=",
      "requires": {
        "hoist-non-react-statics": "^3.3.2",
        "shallowequal": "^1.0.2"
      }
    },
    "moment": {
      "version": "2.29.1",
      "resolved": "https://registry.npm.taobao.org/moment/download/moment-2.29.1.tgz?cache=0&sync_timestamp=1601983320283&other_urls=https%3A%2F%2Fregistry.npm.taobao.org%2Fmoment%2Fdownload%2Fmoment-2.29.1.tgz",
      "integrity": "sha1-sr52n6MZQL6e7qZGnAdeNQBvo9M="
    },
    "node-fetch": {
      "version": "2.6.1",
      "resolved": "https://registry.npm.taobao.org/node-fetch/download/node-fetch-2.6.1.tgz?cache=0&sync_timestamp=1599309667528&other_urls=https%3A%2F%2Fregistry.npm.taobao.org%2Fnode-fetch%2Fdownload%2Fnode-fetch-2.6.1.tgz",
      "integrity": "sha1-BFvTI2Mfdu0uK1VXM5RBa2OaAFI="
    },
    "object-assign": {
      "version": "4.1.1",
      "resolved": "https://registry.npm.taobao.org/object-assign/download/object-assign-4.1.1.tgz",
      "integrity": "sha1-IQmtx5ZYh8/AXLvUQsrIv7s2CGM="
    },
    "rc-align": {
      "version": "4.0.9",
      "resolved": "https://registry.npm.taobao.org/rc-align/download/rc-align-4.0.9.tgz?cache=0&sync_timestamp=1604568297783&other_urls=https%3A%2F%2Fregistry.npm.taobao.org%2Frc-align%2Fdownload%2Frc-align-4.0.9.tgz",
      "integrity": "sha1-RtiAHEoTn/amWtFnTo786smPhfI=",
      "requires": {
        "@babel/runtime": "^7.10.1",
        "classnames": "2.x",
        "dom-align": "^1.7.0",
        "rc-util": "^5.3.0",
        "resize-observer-polyfill": "^1.5.1"
      }
    },
    "rc-cascader": {
      "version": "1.4.2",
      "resolved": "https://registry.npm.taobao.org/rc-cascader/download/rc-cascader-1.4.2.tgz",
      "integrity": "sha1-yqgQmOPvTV+CP5FW9tjW29YyGvo=",
      "requires": {
        "@babel/runtime": "^7.12.5",
        "array-tree-filter": "^2.1.0",
        "rc-trigger": "^5.0.4",
        "rc-util": "^5.0.1",
        "warning": "^4.0.1"
      }
    },
    "rc-checkbox": {
      "version": "2.3.2",
      "resolved": "https://registry.npm.taobao.org/rc-checkbox/download/rc-checkbox-2.3.2.tgz?cache=0&sync_timestamp=1607402984495&other_urls=https%3A%2F%2Fregistry.npm.taobao.org%2Frc-checkbox%2Fdownload%2Frc-checkbox-2.3.2.tgz",
      "integrity": "sha1-+Rs2eMftsrqoEhyUg8Zk+m8K78E=",
      "requires": {
        "@babel/runtime": "^7.10.1",
        "classnames": "^2.2.1"
      }
    },
    "rc-collapse": {
      "version": "3.1.0",
      "resolved": "https://registry.npm.taobao.org/rc-collapse/download/rc-collapse-3.1.0.tgz?cache=0&sync_timestamp=1606217065785&other_urls=https%3A%2F%2Fregistry.npm.taobao.org%2Frc-collapse%2Fdownload%2Frc-collapse-3.1.0.tgz",
      "integrity": "sha1-TOXmElaMX76vNozDkhRHHBRhoaE=",
      "requires": {
        "@babel/runtime": "^7.10.1",
        "classnames": "2.x",
        "rc-motion": "^2.3.4",
        "rc-util": "^5.2.1",
        "shallowequal": "^1.1.0"
      }
    },
    "rc-dialog": {
      "version": "8.5.2",
      "resolved": "https://registry.npm.taobao.org/rc-dialog/download/rc-dialog-8.5.2.tgz",
      "integrity": "sha1-Uw4onCWjHBXIWg6KS6PzNBS/9Bg=",
      "requires": {
        "@babel/runtime": "^7.10.1",
        "classnames": "^2.2.6",
        "rc-motion": "^2.3.0",
        "rc-util": "^5.6.1"
      }
    },
    "rc-drawer": {
      "version": "4.3.1",
      "resolved": "https://registry.npm.taobao.org/rc-drawer/download/rc-drawer-4.3.1.tgz",
      "integrity": "sha1-NWMzp68Bt3er1oXJbCzmLvtE8/M=",
      "requires": {
        "@babel/runtime": "^7.10.1",
        "classnames": "^2.2.6",
        "rc-util": "^5.7.0"
      }
    },
    "rc-dropdown": {
      "version": "3.2.0",
      "resolved": "https://registry.npm.taobao.org/rc-dropdown/download/rc-dropdown-3.2.0.tgz?cache=0&sync_timestamp=1600332779520&other_urls=https%3A%2F%2Fregistry.npm.taobao.org%2Frc-dropdown%2Fdownload%2Frc-dropdown-3.2.0.tgz",
      "integrity": "sha1-2mwq2kA4QrruOp6Qmgsakbo+EJA=",
      "requires": {
        "@babel/runtime": "^7.10.1",
        "classnames": "^2.2.6",
        "rc-trigger": "^5.0.4"
      }
    },
    "rc-field-form": {
      "version": "1.20.0",
      "resolved": "https://registry.npm.taobao.org/rc-field-form/download/rc-field-form-1.20.0.tgz?cache=0&sync_timestamp=1615543118228&other_urls=https%3A%2F%2Fregistry.npm.taobao.org%2Frc-field-form%2Fdownload%2Frc-field-form-1.20.0.tgz",
      "integrity": "sha1-IgEJIJVCn38CCCVGKDXECG0rrxY=",
      "requires": {
        "@babel/runtime": "^7.8.4",
        "async-validator": "^3.0.3",
        "rc-util": "^5.8.0"
      }
    },
    "rc-image": {
      "version": "5.2.4",
      "resolved": "https://registry.npm.taobao.org/rc-image/download/rc-image-5.2.4.tgz?cache=0&sync_timestamp=1616050462632&other_urls=https%3A%2F%2Fregistry.npm.taobao.org%2Frc-image%2Fdownload%2Frc-image-5.2.4.tgz",
      "integrity": "sha1-/xBZ+Te95sqRjG8b6zFr66kR8lU=",
      "requires": {
        "@babel/runtime": "^7.11.2",
        "classnames": "^2.2.6",
        "rc-dialog": "~8.5.0",
        "rc-util": "^5.0.6"
      }
    },
    "rc-input-number": {
      "version": "7.0.6",
      "resolved": "https://registry.npm.taobao.org/rc-input-number/download/rc-input-number-7.0.6.tgz?cache=0&sync_timestamp=1618372746867&other_urls=https%3A%2F%2Fregistry.npm.taobao.org%2Frc-input-number%2Fdownload%2Frc-input-number-7.0.6.tgz",
      "integrity": "sha1-JqtR8oIVq++N8L2Z7F+suIRICrw=",
      "requires": {
        "@babel/runtime": "^7.10.1",
        "classnames": "^2.2.5",
        "rc-util": "^5.9.8"
      }
    },
    "rc-mentions": {
      "version": "1.5.3",
      "resolved": "https://registry.npm.taobao.org/rc-mentions/download/rc-mentions-1.5.3.tgz?cache=0&sync_timestamp=1610510746423&other_urls=https%3A%2F%2Fregistry.npm.taobao.org%2Frc-mentions%2Fdownload%2Frc-mentions-1.5.3.tgz",
      "integrity": "sha1-uSvrrfitn7NYa6Gvki1jtJ2ZHGc=",
      "requires": {
        "@babel/runtime": "^7.10.1",
        "classnames": "^2.2.6",
        "rc-menu": "^8.0.1",
        "rc-textarea": "^0.3.0",
        "rc-trigger": "^5.0.4",
        "rc-util": "^5.0.1"
      }
    },
    "rc-menu": {
      "version": "8.10.7",
      "resolved": "https://registry.npm.taobao.org/rc-menu/download/rc-menu-8.10.7.tgz?cache=0&sync_timestamp=1617107707086&other_urls=https%3A%2F%2Fregistry.npm.taobao.org%2Frc-menu%2Fdownload%2Frc-menu-8.10.7.tgz",
      "integrity": "sha1-jqLSwnE393qFgMQD32NOxdeA8EY=",
      "requires": {
        "@babel/runtime": "^7.10.1",
        "classnames": "2.x",
        "mini-store": "^3.0.1",
        "rc-motion": "^2.0.1",
        "rc-trigger": "^5.1.2",
        "rc-util": "^5.7.0",
        "resize-observer-polyfill": "^1.5.0",
        "shallowequal": "^1.1.0"
      }
    },
    "rc-motion": {
      "version": "2.4.1",
      "resolved": "https://registry.npm.taobao.org/rc-motion/download/rc-motion-2.4.1.tgz",
      "integrity": "sha1-Mj9HyGNeayvAy6LfrSX8QVtY4dw=",
      "requires": {
        "@babel/runtime": "^7.11.1",
        "classnames": "^2.2.1",
        "rc-util": "^5.2.1"
      }
    },
    "rc-notification": {
      "version": "4.5.5",
      "resolved": "https://registry.npm.taobao.org/rc-notification/download/rc-notification-4.5.5.tgz",
      "integrity": "sha1-lmCkldXyC9Z3aG5Pf8AOTwwaOEk=",
      "requires": {
        "@babel/runtime": "^7.10.1",
        "classnames": "2.x",
        "rc-motion": "^2.2.0",
        "rc-util": "^5.0.1"
      }
    },
    "rc-overflow": {
      "version": "1.1.1",
      "resolved": "https://registry.nlark.com/rc-overflow/download/rc-overflow-1.1.1.tgz?cache=0&sync_timestamp=1618815173780&other_urls=https%3A%2F%2Fregistry.nlark.com%2Frc-overflow%2Fdownload%2Frc-overflow-1.1.1.tgz",
      "integrity": "sha1-xGXnXxFfG0sMvl4F+vOoRGnRgZA=",
      "requires": {
        "@babel/runtime": "^7.11.1",
        "classnames": "^2.2.1",
        "rc-resize-observer": "^1.0.0",
        "rc-util": "^5.5.1"
      }
    },
    "rc-pagination": {
      "version": "3.1.6",
      "resolved": "https://registry.npm.taobao.org/rc-pagination/download/rc-pagination-3.1.6.tgz",
      "integrity": "sha1-2zwG5QJwtS/icqxSfB/cLI0orx8=",
      "requires": {
        "@babel/runtime": "^7.10.1",
        "classnames": "^2.2.1"
      }
    },
    "rc-picker": {
      "version": "2.5.10",
      "resolved": "https://registry.npm.taobao.org/rc-picker/download/rc-picker-2.5.10.tgz",
      "integrity": "sha1-DbF8U1o3q75dAWvc37E9Zib4AtA=",
      "requires": {
        "@babel/runtime": "^7.10.1",
        "classnames": "^2.2.1",
        "date-fns": "^2.15.0",
        "moment": "^2.24.0",
        "rc-trigger": "^5.0.4",
        "rc-util": "^5.4.0",
        "shallowequal": "^1.1.0"
      }
    },
    "rc-progress": {
      "version": "3.1.3",
      "resolved": "https://registry.npm.taobao.org/rc-progress/download/rc-progress-3.1.3.tgz?cache=0&sync_timestamp=1610097923411&other_urls=https%3A%2F%2Fregistry.npm.taobao.org%2Frc-progress%2Fdownload%2Frc-progress-3.1.3.tgz",
      "integrity": "sha1-132P0m2dlI1ywqKLZLcabobfJCY=",
      "requires": {
        "@babel/runtime": "^7.10.1",
        "classnames": "^2.2.6"
      }
    },
    "rc-rate": {
      "version": "2.9.1",
      "resolved": "https://registry.npm.taobao.org/rc-rate/download/rc-rate-2.9.1.tgz?cache=0&sync_timestamp=1605573529630&other_urls=https%3A%2F%2Fregistry.npm.taobao.org%2Frc-rate%2Fdownload%2Frc-rate-2.9.1.tgz",
      "integrity": "sha1-5Dy5XE65CiweCxbsZhTYxDUwpzE=",
      "requires": {
        "@babel/runtime": "^7.10.1",
        "classnames": "^2.2.5",
        "rc-util": "^5.0.1"
      }
    },
    "rc-resize-observer": {
      "version": "1.0.0",
      "resolved": "https://registry.npm.taobao.org/rc-resize-observer/download/rc-resize-observer-1.0.0.tgz?cache=0&sync_timestamp=1608864920080&other_urls=https%3A%2F%2Fregistry.npm.taobao.org%2Frc-resize-observer%2Fdownload%2Frc-resize-observer-1.0.0.tgz",
      "integrity": "sha1-l/uJhW9i/sMqtuQJM5Nc9Y4uEC0=",
      "requires": {
        "@babel/runtime": "^7.10.1",
        "classnames": "^2.2.1",
        "rc-util": "^5.0.0",
        "resize-observer-polyfill": "^1.5.1"
      }
    },
    "rc-select": {
      "version": "12.1.9",
      "resolved": "https://registry.npm.taobao.org/rc-select/download/rc-select-12.1.9.tgz?cache=0&sync_timestamp=1617763804456&other_urls=https%3A%2F%2Fregistry.npm.taobao.org%2Frc-select%2Fdownload%2Frc-select-12.1.9.tgz",
      "integrity": "sha1-h7G7tYZJvEpNeWHB8ao2oWwBGlk=",
      "requires": {
        "@babel/runtime": "^7.10.1",
        "classnames": "2.x",
        "rc-motion": "^2.0.1",
        "rc-overflow": "^1.0.0",
        "rc-trigger": "^5.0.4",
        "rc-util": "^5.9.8",
        "rc-virtual-list": "^3.2.0"
      }
    },
    "rc-slider": {
      "version": "9.7.2",
      "resolved": "https://registry.npm.taobao.org/rc-slider/download/rc-slider-9.7.2.tgz?cache=0&sync_timestamp=1616675519253&other_urls=https%3A%2F%2Fregistry.npm.taobao.org%2Frc-slider%2Fdownload%2Frc-slider-9.7.2.tgz",
      "integrity": "sha1-KC9XH3WCdS66ozlk5EEYT055rXQ=",
      "requires": {
        "@babel/runtime": "^7.10.1",
        "classnames": "^2.2.5",
        "rc-tooltip": "^5.0.1",
        "rc-util": "^5.0.0",
        "shallowequal": "^1.1.0"
      }
    },
    "rc-steps": {
      "version": "4.1.3",
      "resolved": "https://registry.npm.taobao.org/rc-steps/download/rc-steps-4.1.3.tgz",
      "integrity": "sha1-IIWA4i22GeODDdt/pBvIhsZdmAM=",
      "requires": {
        "@babel/runtime": "^7.10.2",
        "classnames": "^2.2.3",
        "rc-util": "^5.0.1"
      }
    },
    "rc-switch": {
      "version": "3.2.2",
      "resolved": "https://registry.npm.taobao.org/rc-switch/download/rc-switch-3.2.2.tgz",
      "integrity": "sha1-0AH3fxJmTVJZW09vtCXdnmb7qOg=",
      "requires": {
        "@babel/runtime": "^7.10.1",
        "classnames": "^2.2.1",
        "rc-util": "^5.0.1"
      }
    },
    "rc-table": {
      "version": "7.13.3",
      "resolved": "https://registry.npm.taobao.org/rc-table/download/rc-table-7.13.3.tgz",
      "integrity": "sha1-JdX17EfuLYopOv8YxMS4h294wis=",
      "requires": {
        "@babel/runtime": "^7.10.1",
        "classnames": "^2.2.5",
        "rc-resize-observer": "^1.0.0",
        "rc-util": "^5.4.0",
        "shallowequal": "^1.1.0"
      }
    },
    "rc-tabs": {
      "version": "11.7.3",
      "resolved": "https://registry.npm.taobao.org/rc-tabs/download/rc-tabs-11.7.3.tgz?cache=0&sync_timestamp=1608866497388&other_urls=https%3A%2F%2Fregistry.npm.taobao.org%2Frc-tabs%2Fdownload%2Frc-tabs-11.7.3.tgz",
      "integrity": "sha1-MqMOWcaZLWD7WBFboL8mUrM37UM=",
      "requires": {
        "@babel/runtime": "^7.11.2",
        "classnames": "2.x",
        "rc-dropdown": "^3.1.3",
        "rc-menu": "^8.6.1",
        "rc-resize-observer": "^1.0.0",
        "rc-util": "^5.5.0"
      }
    },
    "rc-textarea": {
      "version": "0.3.4",
      "resolved": "https://registry.npm.taobao.org/rc-textarea/download/rc-textarea-0.3.4.tgz?cache=0&sync_timestamp=1610543642911&other_urls=https%3A%2F%2Fregistry.npm.taobao.org%2Frc-textarea%2Fdownload%2Frc-textarea-0.3.4.tgz",
      "integrity": "sha1-FAimTIe15221yEdpnvmrXul91vk=",
      "requires": {
        "@babel/runtime": "^7.10.1",
        "classnames": "^2.2.1",
        "rc-resize-observer": "^1.0.0",
        "rc-util": "^5.7.0"
      }
    },
    "rc-tooltip": {
      "version": "5.1.0",
      "resolved": "https://registry.npm.taobao.org/rc-tooltip/download/rc-tooltip-5.1.0.tgz",
      "integrity": "sha1-q7RTxGPDGnBaoB0mgnn0rmrjsV8=",
      "requires": {
        "@babel/runtime": "^7.11.2",
        "rc-trigger": "^5.0.0"
      }
    },
    "rc-tree": {
      "version": "4.1.5",
      "resolved": "https://registry.npm.taobao.org/rc-tree/download/rc-tree-4.1.5.tgz?cache=0&sync_timestamp=1615350499740&other_urls=https%3A%2F%2Fregistry.npm.taobao.org%2Frc-tree%2Fdownload%2Frc-tree-4.1.5.tgz",
      "integrity": "sha1-c0qxv+g154eRvkFELKDlcRR6tvo=",
      "requires": {
        "@babel/runtime": "^7.10.1",
        "classnames": "2.x",
        "rc-motion": "^2.0.1",
        "rc-util": "^5.0.0",
        "rc-virtual-list": "^3.0.1"
      }
    },
    "rc-tree-select": {
      "version": "4.3.1",
      "resolved": "https://registry.npm.taobao.org/rc-tree-select/download/rc-tree-select-4.3.1.tgz?cache=0&sync_timestamp=1616635064278&other_urls=https%3A%2F%2Fregistry.npm.taobao.org%2Frc-tree-select%2Fdownload%2Frc-tree-select-4.3.1.tgz",
      "integrity": "sha1-SIG65fal1pbF9h5SrZSJMT81brQ=",
      "requires": {
        "@babel/runtime": "^7.10.1",
        "classnames": "2.x",
        "rc-select": "^12.0.0",
        "rc-tree": "^4.0.0",
        "rc-util": "^5.0.5"
      }
    },
    "rc-trigger": {
      "version": "5.2.5",
      "resolved": "https://registry.npm.taobao.org/rc-trigger/download/rc-trigger-5.2.5.tgz",
      "integrity": "sha1-uaN6DXCbI6GzpdfxcnGD5vZnc98=",
      "requires": {
        "@babel/runtime": "^7.11.2",
        "classnames": "^2.2.6",
        "rc-align": "^4.0.0",
        "rc-motion": "^2.0.0",
        "rc-util": "^5.5.0"
      }
    },
    "rc-upload": {
      "version": "4.2.0",
      "resolved": "https://registry.npm.taobao.org/rc-upload/download/rc-upload-4.2.0.tgz?cache=0&sync_timestamp=1616563026236&other_urls=https%3A%2F%2Fregistry.npm.taobao.org%2Frc-upload%2Fdownload%2Frc-upload-4.2.0.tgz",
      "integrity": "sha1-XiHKsp8Q7Ladcc+5BVkS0OHgjuA=",
      "requires": {
        "@babel/runtime": "^7.10.1",
        "classnames": "^2.2.5",
        "rc-util": "^5.2.0"
      }
    },
    "rc-util": {
      "version": "5.9.8",
      "resolved": "https://registry.npm.taobao.org/rc-util/download/rc-util-5.9.8.tgz",
      "integrity": "sha1-38rMH3t8RfoYq3huK1MN0FCQc/E=",
      "requires": {
        "@babel/runtime": "^7.12.5",
        "react-is": "^16.12.0",
        "shallowequal": "^1.1.0"
      }
    },
    "rc-virtual-list": {
      "version": "3.2.6",
      "resolved": "https://registry.npm.taobao.org/rc-virtual-list/download/rc-virtual-list-3.2.6.tgz?cache=0&sync_timestamp=1610703715099&other_urls=https%3A%2F%2Fregistry.npm.taobao.org%2Frc-virtual-list%2Fdownload%2Frc-virtual-list-3.2.6.tgz",
      "integrity": "sha1-LJKkD0Ql4ZiBs4E01r0oahETfS0=",
      "requires": {
        "classnames": "^2.2.6",
        "rc-resize-observer": "^1.0.0",
        "rc-util": "^5.0.7"
      }
    },
    "react": {
      "version": "17.0.2",
      "resolved": "https://registry.npm.taobao.org/react/download/react-17.0.2.tgz?cache=0&sync_timestamp=1618589783811&other_urls=https%3A%2F%2Fregistry.npm.taobao.org%2Freact%2Fdownload%2Freact-17.0.2.tgz",
      "integrity": "sha1-0LXMUW0p6z7uOD91tihkz7aAADc=",
      "requires": {
        "loose-envify": "^1.1.0",
        "object-assign": "^4.1.1"
      }
    },
    "react-dom": {
      "version": "17.0.2",
      "resolved": "https://registry.npm.taobao.org/react-dom/download/react-dom-17.0.2.tgz?cache=0&other_urls=https%3A%2F%2Fregistry.npm.taobao.org%2Freact-dom%2Fdownload%2Freact-dom-17.0.2.tgz",
      "integrity": "sha1-7P+2hF462Nv83EmPDQqTlzZQLCM=",
      "requires": {
        "loose-envify": "^1.1.0",
        "object-assign": "^4.1.1",
        "scheduler": "^0.20.2"
      }
    },
    "react-is": {
      "version": "16.13.1",
      "resolved": "https://registry.npm.taobao.org/react-is/download/react-is-16.13.1.tgz?cache=0&other_urls=https%3A%2F%2Fregistry.npm.taobao.org%2Freact-is%2Fdownload%2Freact-is-16.13.1.tgz",
      "integrity": "sha1-eJcppNw23imZ3BVt1sHZwYzqVqQ="
    },
    "regenerator-runtime": {
      "version": "0.13.7",
      "resolved": "https://registry.npm.taobao.org/regenerator-runtime/download/regenerator-runtime-0.13.7.tgz",
      "integrity": "sha1-ysLazIoepnX+qrrriugziYrkb1U="
    },
    "require-directory": {
      "version": "2.1.1",
      "resolved": "https://registry.npm.taobao.org/require-directory/download/require-directory-2.1.1.tgz",
      "integrity": "sha1-jGStX9MNqxyXbiNE/+f3kqam30I="
    },
    "resize-observer-polyfill": {
      "version": "1.5.1",
      "resolved": "https://registry.npm.taobao.org/resize-observer-polyfill/download/resize-observer-polyfill-1.5.1.tgz",
      "integrity": "sha1-DpAg3T0hAkRY1OvSfiPkAmmBBGQ="
    },
    "scheduler": {
      "version": "0.20.2",
      "resolved": "https://registry.npm.taobao.org/scheduler/download/scheduler-0.20.2.tgz",
      "integrity": "sha1-S67jlDbjSqk7SHS93L8P6Li1DpE=",
      "requires": {
        "loose-envify": "^1.1.0",
        "object-assign": "^4.1.1"
      }
    },
    "scroll-into-view-if-needed": {
      "version": "2.2.28",
      "resolved": "https://registry.npm.taobao.org/scroll-into-view-if-needed/download/scroll-into-view-if-needed-2.2.28.tgz",
      "integrity": "sha1-WhWy9YpSZCyIyOylhGROAXA9ZFo=",
      "requires": {
        "compute-scroll-into-view": "^1.0.17"
      }
    },
    "seedrandom": {
      "version": "2.4.3",
      "resolved": "https://registry.npm.taobao.org/seedrandom/download/seedrandom-2.4.3.tgz",
      "integrity": "sha1-JDhQTa0zkXMUv/GKxNeU8W1qrsw="
    },
    "shallowequal": {
      "version": "1.1.0",
      "resolved": "https://registry.npm.taobao.org/shallowequal/download/shallowequal-1.1.0.tgz",
      "integrity": "sha1-GI1SHelbkIdAT9TctosT3wrk5/g="
    },
    "sprintf-js": {
      "version": "1.0.3",
      "resolved": "https://registry.npm.taobao.org/sprintf-js/download/sprintf-js-1.0.3.tgz",
      "integrity": "sha1-BOaSb2YolTVPPdAVIDYzuFcpfiw="
    },
    "string-convert": {
      "version": "0.2.1",
      "resolved": "https://registry.npm.taobao.org/string-convert/download/string-convert-0.2.1.tgz",
      "integrity": "sha1-aYLMMEn7tM2F+LJFaLnZvznu/5c="
    },
    "string-width": {
      "version": "4.2.2",
      "resolved": "https://registry.npm.taobao.org/string-width/download/string-width-4.2.2.tgz",
      "integrity": "sha1-2v1PlVmnWFz7pSnGoKT3NIjr1MU=",
      "requires": {
        "emoji-regex": "^8.0.0",
        "is-fullwidth-code-point": "^3.0.0",
        "strip-ansi": "^6.0.0"
      }
    },
    "strip-ansi": {
      "version": "6.0.0",
      "resolved": "https://registry.npm.taobao.org/strip-ansi/download/strip-ansi-6.0.0.tgz?cache=0&sync_timestamp=1618553299612&other_urls=https%3A%2F%2Fregistry.npm.taobao.org%2Fstrip-ansi%2Fdownload%2Fstrip-ansi-6.0.0.tgz",
      "integrity": "sha1-CxVx3XZpzNTz4G4U7x7tJiJa5TI=",
      "requires": {
        "ansi-regex": "^5.0.0"
      }
    },
    "supports-color": {
      "version": "7.2.0",
      "resolved": "https://registry.npm.taobao.org/supports-color/download/supports-color-7.2.0.tgz?cache=0&sync_timestamp=1618560998281&other_urls=https%3A%2F%2Fregistry.npm.taobao.org%2Fsupports-color%2Fdownload%2Fsupports-color-7.2.0.tgz",
      "integrity": "sha1-G33NyzK4E4gBs+R4umpRyqiWSNo=",
      "requires": {
        "has-flag": "^4.0.0"
      }
    },
    "toggle-selection": {
      "version": "1.0.6",
      "resolved": "https://registry.npm.taobao.org/toggle-selection/download/toggle-selection-1.0.6.tgz",
      "integrity": "sha1-bkWxJj8gF/oKzH2J14sVuL932jI="
    },
    "warning": {
      "version": "4.0.3",
      "resolved": "https://registry.npm.taobao.org/warning/download/warning-4.0.3.tgz",
      "integrity": "sha1-Fungd+uKhtavfWSqHgX9hbRnjKM=",
      "requires": {
        "loose-envify": "^1.0.0"
      }
    },
    "wrap-ansi": {
      "version": "7.0.0",
      "resolved": "https://registry.npm.taobao.org/wrap-ansi/download/wrap-ansi-7.0.0.tgz?cache=0&sync_timestamp=1618558913931&other_urls=https%3A%2F%2Fregistry.npm.taobao.org%2Fwrap-ansi%2Fdownload%2Fwrap-ansi-7.0.0.tgz",
      "integrity": "sha1-Z+FFz/UQpqaYS98RUpEdadLrnkM=",
      "requires": {
        "ansi-styles": "^4.0.0",
        "string-width": "^4.1.0",
        "strip-ansi": "^6.0.0"
      }
    },
    "y18n": {
      "version": "5.0.8",
      "resolved": "https://registry.npm.taobao.org/y18n/download/y18n-5.0.8.tgz?cache=0&sync_timestamp=1617822642544&other_urls=https%3A%2F%2Fregistry.npm.taobao.org%2Fy18n%2Fdownload%2Fy18n-5.0.8.tgz",
      "integrity": "sha1-f0k00PfKjFb5UxSTndzS3ZHOHVU="
    },
    "yargs": {
      "version": "16.2.0",
      "resolved": "https://registry.npm.taobao.org/yargs/download/yargs-16.2.0.tgz?cache=0&sync_timestamp=1618195370004&other_urls=https%3A%2F%2Fregistry.npm.taobao.org%2Fyargs%2Fdownload%2Fyargs-16.2.0.tgz",
      "integrity": "sha1-HIK/D2tqZur85+8w43b0mhJHf2Y=",
      "requires": {
        "cliui": "^7.0.2",
        "escalade": "^3.1.1",
        "get-caller-file": "^2.0.5",
        "require-directory": "^2.1.1",
        "string-width": "^4.2.0",
        "y18n": "^5.0.5",
        "yargs-parser": "^20.2.2"
      }
    },
    "yargs-parser": {
      "version": "20.2.7",
      "resolved": "https://registry.npm.taobao.org/yargs-parser/download/yargs-parser-20.2.7.tgz",
      "integrity": "sha1-Yd+FwRPt+1p6TjbriqYO9CPLyQo="
    }
  }
}
